
Microsoft Visual Studio Solution File, Format Version 12.00
# Visual Studio Version 16
VisualStudioVersion = 16.0.33801.447
MinimumVisualStudioVersion = 10.0.40219.1
Project("{FAE04EC0-301F-11D3-BF4B-00C04F79EFBC}") = "HELPINGHANDS", "HELPINGHANDS\HELPINGHANDS.csproj", "{C0589E86-D885-4020-9D78-8FDCB9BA63E4}"
EndProject
Global
	GlobalSection(SolutionConfigurationPlatforms) = preSolution
		Debug|Any CPU = Debug|Any CPU
		Release|Any CPU = Release|Any CPU
	EndGlobalSection
	GlobalSection(ProjectConfigurationPlatforms) = postSolution
		{C0589E86-D885-4020-9D78-8FDCB9BA63E4}.Debug|Any CPU.ActiveCfg = Debug|Any CPU
		{C0589E86-D885-4020-9D78-8FDCB9BA63E4}.Debug|Any CPU.Build.0 = Debug|Any CPU
		{C0589E86-D885-4020-9D78-8FDCB9BA63E4}.Release|Any CPU.ActiveCfg = Release|Any CPU
		{C0589E86-D885-4020-9D78-8FDCB9BA63E4}.Release|Any CPU.Build.0 = Release|Any CPU
	EndGlobalSection
	GlobalSection(SolutionProperties) = preSolution
		HideSolutionNode = FALSE
	EndGlobalSection
	GlobalSection(ExtensibilityGlobals) = postSolution
		SolutionGuid = {D2291B7D-0F17-4B0B-8D82-55AA6BE3E8B5}
	EndGlobalSection
EndGlobal
